
Microsoft Visual Studio Solution File, Format Version 12.00
# Visual Studio 2013
VisualStudioVersion = 12.0.30110.0
MinimumVisualStudioVersion = 10.0.40219.1
Project("{FAE04EC0-301F-11D3-BF4B-00C04F79EFBC}") = "ScDataApi.WebApp", "src\ScDataApi.WebApp\ScDataApi.WebApp.csproj", "{4E3B1DE4-601C-4CDA-8F7F-5AC5E8E856EB}"
EndProject
Project("{FAE04EC0-301F-11D3-BF4B-00C04F79EFBC}") = "ScDataApi", "src\ScDataApi\ScDataApi.csproj", "{36F97BFF-9B4C-48EA-9B20-5F9CF1A37A5F}"
EndProject
Project("{2150E333-8FDC-42A3-9474-1A3956D46DE8}") = "Solution Items", "Solution Items", "{97FFC793-2CC2-494B-97FD-486F6A5EA4B2}"
	ProjectSection(SolutionItems) = preProject
		.gitignore = .gitignore
		README.md = README.md
	EndProjectSection
EndProject
Global
	GlobalSection(SolutionConfigurationPlatforms) = preSolution
		Debug|Any CPU = Debug|Any CPU
		Release|Any CPU = Release|Any CPU
	EndGlobalSection
	GlobalSection(ProjectConfigurationPlatforms) = postSolution
		{4E3B1DE4-601C-4CDA-8F7F-5AC5E8E856EB}.Debug|Any CPU.ActiveCfg = Debug|Any CPU
		{4E3B1DE4-601C-4CDA-8F7F-5AC5E8E856EB}.Debug|Any CPU.Build.0 = Debug|Any CPU
		{4E3B1DE4-601C-4CDA-8F7F-5AC5E8E856EB}.Release|Any CPU.ActiveCfg = Release|Any CPU
		{4E3B1DE4-601C-4CDA-8F7F-5AC5E8E856EB}.Release|Any CPU.Build.0 = Release|Any CPU
		{36F97BFF-9B4C-48EA-9B20-5F9CF1A37A5F}.Debug|Any CPU.ActiveCfg = Debug|Any CPU
		{36F97BFF-9B4C-48EA-9B20-5F9CF1A37A5F}.Debug|Any CPU.Build.0 = Debug|Any CPU
		{36F97BFF-9B4C-48EA-9B20-5F9CF1A37A5F}.Release|Any CPU.ActiveCfg = Release|Any CPU
		{36F97BFF-9B4C-48EA-9B20-5F9CF1A37A5F}.Release|Any CPU.Build.0 = Release|Any CPU
	EndGlobalSection
	GlobalSection(SolutionProperties) = preSolution
		HideSolutionNode = FALSE
	EndGlobalSection
EndGlobal
